{
  "name": "attaquesXSS-3_4",
  "lockfileVersion": 3,
  "requires": true,
  "packages": {
    "": {
      "dependencies": {
        "dompurify": "^3.0.4"
      }
    },
    "node_modules/dompurify": {
      "version": "3.0.4",
      "resolved": "https://registry.npmjs.org/dompurify/-/dompurify-3.0.4.tgz",
      "integrity": "sha512-ae0mA+Qiqp6C29pqZX3fQgK+F91+F7wobM/v8DRzDqJdZJELXiFUx4PP4pK/mzUS0xkiSEx3Ncd9gr69jg3YsQ=="
    }
  }
}
